
Microsoft Visual Studio Solution File, Format Version 12.00
# Visual Studio Version 16
VisualStudioVersion = 16.0.28803.202
MinimumVisualStudioVersion = 10.0.40219.1
Project("{FAE04EC0-301F-11D3-BF4B-00C04F79EFBC}") = "KararYapilari", "KararYapilari\KararYapilari.csproj", "{5D07A551-0AAC-4BB5-AA3E-080311AC4130}"
EndProject
Global
	GlobalSection(SolutionConfigurationPlatforms) = preSolution
		Debug|Any CPU = Debug|Any CPU
		Release|Any CPU = Release|Any CPU
	EndGlobalSection
	GlobalSection(ProjectConfigurationPlatforms) = postSolution
		{5D07A551-0AAC-4BB5-AA3E-080311AC4130}.Debug|Any CPU.ActiveCfg = Debug|Any CPU
		{5D07A551-0AAC-4BB5-AA3E-080311AC4130}.Debug|Any CPU.Build.0 = Debug|Any CPU
		{5D07A551-0AAC-4BB5-AA3E-080311AC4130}.Release|Any CPU.ActiveCfg = Release|Any CPU
		{5D07A551-0AAC-4BB5-AA3E-080311AC4130}.Release|Any CPU.Build.0 = Release|Any CPU
	EndGlobalSection
	GlobalSection(SolutionProperties) = preSolution
		HideSolutionNode = FALSE
	EndGlobalSection
	GlobalSection(ExtensibilityGlobals) = postSolution
		SolutionGuid = {F8F62D29-E530-47B7-B55A-BC45899079FF}
	EndGlobalSection
EndGlobal
